
Microsoft Visual Studio Solution File, Format Version 12.00
# Visual Studio Version 17
VisualStudioVersion = 17.9.34728.123
MinimumVisualStudioVersion = 10.0.40219.1
Project("{FAE04EC0-301F-11D3-BF4B-00C04F79EFBC}") = "TextBoxFinder", "TextBoxFinder.csproj", "{52516A34-F29F-470A-9EAA-2CB36F73746E}"
EndProject
Global
	GlobalSection(SolutionConfigurationPlatforms) = preSolution
		Debug|Any CPU = Debug|Any CPU
		Release|Any CPU = Release|Any CPU
	EndGlobalSection
	GlobalSection(ProjectConfigurationPlatforms) = postSolution
		{52516A34-F29F-470A-9EAA-2CB36F73746E}.Debug|Any CPU.ActiveCfg = Debug|Any CPU
		{52516A34-F29F-470A-9EAA-2CB36F73746E}.Debug|Any CPU.Build.0 = Debug|Any CPU
		{52516A34-F29F-470A-9EAA-2CB36F73746E}.Release|Any CPU.ActiveCfg = Release|Any CPU
		{52516A34-F29F-470A-9EAA-2CB36F73746E}.Release|Any CPU.Build.0 = Release|Any CPU
	EndGlobalSection
	GlobalSection(SolutionProperties) = preSolution
		HideSolutionNode = FALSE
	EndGlobalSection
	GlobalSection(ExtensibilityGlobals) = postSolution
		SolutionGuid = {A3932D05-801C-4735-9CE6-2D93FF682ED5}
	EndGlobalSection
EndGlobal
